// !$*UTF8*$!
{
	archiveVersion = 1;
	classes = {
	};
	objectVersion = 50;
	objects = {

/* Begin PBXBuildFile section */
		6D2E978A2253D1EA003333A2 /* ExpenseTableViewController.swift in Sources */ = {isa = PBXBuildFile; fileRef = 6D2E97892253D1EA003333A2 /* ExpenseTableViewController.swift */; };
		6D87C71422541B7000FDE964 /* RepaymentTableViewController.swift in Sources */ = {isa = PBXBuildFile; fileRef = 6D87C71322541B7000FDE964 /* RepaymentTableViewController.swift */; };
		6D87C71622541BEA00FDE964 /* RepaymentViewController.swift in Sources */ = {isa = PBXBuildFile; fileRef = 6D87C71522541BEA00FDE964 /* RepaymentViewController.swift */; };
		6D87C71A22541EE900FDE964 /* RepaymentSetViewModel.swift in Sources */ = {isa = PBXBuildFile; fileRef = 6D87C71922541EE900FDE964 /* RepaymentSetViewModel.swift */; };
		6D87C71E2254203600FDE964 /* Repayment.swift in Sources */ = {isa = PBXBuildFile; fileRef = 6D87C71D2254203600FDE964 /* Repayment.swift */; };
		6D87C7202254204200FDE964 /* RepaymentSet.swift in Sources */ = {isa = PBXBuildFile; fileRef = 6D87C71F2254204200FDE964 /* RepaymentSet.swift */; };
		6D87C7222254212800FDE964 /* RepaymentDAO.swift in Sources */ = {isa = PBXBuildFile; fileRef = 6D87C7212254212800FDE964 /* RepaymentDAO.swift */; };
		6DD9A7F4225553D5006EDCFC /* TableTravellersRepaymentViewController.swift in Sources */ = {isa = PBXBuildFile; fileRef = 6DD9A7F3225553D5006EDCFC /* TableTravellersRepaymentViewController.swift */; };
		F3349E9F224A782A00B3038B /* RepaymentTableViewCell.swift in Sources */ = {isa = PBXBuildFile; fileRef = F3349E9E224A782A00B3038B /* RepaymentTableViewCell.swift */; };
		F3349EA1224B7D0E00B3038B /* TripViewController.swift in Sources */ = {isa = PBXBuildFile; fileRef = F3349EA0224B7D0E00B3038B /* TripViewController.swift */; };
		F3349EA3224B7D9C00B3038B /* TripCell.swift in Sources */ = {isa = PBXBuildFile; fileRef = F3349EA2224B7D9C00B3038B /* TripCell.swift */; };
		F3349EA6224BC17E00B3038B /* singapore.jpg in Resources */ = {isa = PBXBuildFile; fileRef = F3349EA5224BC17D00B3038B /* singapore.jpg */; };
		F33D1FBC224665A900CEF876 /* Trip.swift in Sources */ = {isa = PBXBuildFile; fileRef = F33D1FBB224665A900CEF876 /* Trip.swift */; };
		F33D1FBE2246668E00CEF876 /* AddTripViewController.swift in Sources */ = {isa = PBXBuildFile; fileRef = F33D1FBD2246668E00CEF876 /* AddTripViewController.swift */; };
		F33D1FC0224666A100CEF876 /* EditTripViewController.swift in Sources */ = {isa = PBXBuildFile; fileRef = F33D1FBF224666A100CEF876 /* EditTripViewController.swift */; };
		F33D1FC22246676600CEF876 /* TripTableViewController.swift in Sources */ = {isa = PBXBuildFile; fileRef = F33D1FC12246676500CEF876 /* TripTableViewController.swift */; };
		F33D1FC42246685E00CEF876 /* CoreDataManager.swift in Sources */ = {isa = PBXBuildFile; fileRef = F33D1FC32246685E00CEF876 /* CoreDataManager.swift */; };
		F33D1FC62246687E00CEF876 /* FormValidatorHelper.swift in Sources */ = {isa = PBXBuildFile; fileRef = F33D1FC52246687E00CEF876 /* FormValidatorHelper.swift */; };
		F33D1FC8224668A000CEF876 /* DialogBoxHelper.swift in Sources */ = {isa = PBXBuildFile; fileRef = F33D1FC7224668A000CEF876 /* DialogBoxHelper.swift */; };
		F33D1FCA224668C000CEF876 /* NotificationHelper.swift in Sources */ = {isa = PBXBuildFile; fileRef = F33D1FC9224668C000CEF876 /* NotificationHelper.swift */; };
		F33D1FCC22466AAF00CEF876 /* TripTableViewCell.swift in Sources */ = {isa = PBXBuildFile; fileRef = F33D1FCB22466AAE00CEF876 /* TripTableViewCell.swift */; };
		F35EA17C2249D126009C021B /* TravellerViewController.swift in Sources */ = {isa = PBXBuildFile; fileRef = F35EA17B2249D126009C021B /* TravellerViewController.swift */; };
		F35EA17E2249D13C009C021B /* ShowTravellerDetailViewController.swift in Sources */ = {isa = PBXBuildFile; fileRef = F35EA17D2249D13C009C021B /* ShowTravellerDetailViewController.swift */; };
		F35EA1802249D159009C021B /* AddTravellerViewController.swift in Sources */ = {isa = PBXBuildFile; fileRef = F35EA17F2249D159009C021B /* AddTravellerViewController.swift */; };
		F35EA1862249E75F009C021B /* AddExpenseViewController.swift in Sources */ = {isa = PBXBuildFile; fileRef = F35EA1852249E75F009C021B /* AddExpenseViewController.swift */; };
		F35EA1882249E783009C021B /* ShowRepaymentsViewController.swift in Sources */ = {isa = PBXBuildFile; fileRef = F35EA1872249E783009C021B /* ShowRepaymentsViewController.swift */; };
		F35EA18A2249E799009C021B /* AddRepaymentViewController.swift in Sources */ = {isa = PBXBuildFile; fileRef = F35EA1892249E799009C021B /* AddRepaymentViewController.swift */; };
		F35EA194224A234D009C021B /* ExpenseTableViewCell.swift in Sources */ = {isa = PBXBuildFile; fileRef = F35EA193224A234D009C021B /* ExpenseTableViewCell.swift */; };
		F35EA196224A2370009C021B /* TravellerTableViewCell.swift in Sources */ = {isa = PBXBuildFile; fileRef = F35EA195224A2370009C021B /* TravellerTableViewCell.swift */; };
		F36D5E9E22522F0F0001FF9A /* EmbedTripViewController.swift in Sources */ = {isa = PBXBuildFile; fileRef = F36D5E9D22522F0F0001FF9A /* EmbedTripViewController.swift */; };
		F36D5EA02252CE6B0001FF9A /* TableTravellerEmbedViewController.swift in Sources */ = {isa = PBXBuildFile; fileRef = F36D5E9F2252CE6B0001FF9A /* TableTravellerEmbedViewController.swift */; };
		F36D5EA42252D0A40001FF9A /* Traveller.swift in Sources */ = {isa = PBXBuildFile; fileRef = F36D5EA32252D0A40001FF9A /* Traveller.swift */; };
		F36D5EA62252D0B80001FF9A /* TravellerSet.swift in Sources */ = {isa = PBXBuildFile; fileRef = F36D5EA52252D0B80001FF9A /* TravellerSet.swift */; };
		F36D5EA82252DA840001FF9A /* EmbedTravellerViewController.swift in Sources */ = {isa = PBXBuildFile; fileRef = F36D5EA72252DA840001FF9A /* EmbedTravellerViewController.swift */; };
		F36D5EAA2252DD970001FF9A /* EditTravellerViewController.swift in Sources */ = {isa = PBXBuildFile; fileRef = F36D5EA92252DD970001FF9A /* EditTravellerViewController.swift */; };
		F39642102253D3A100EAFBC9 /* ExpenseViewController.swift in Sources */ = {isa = PBXBuildFile; fileRef = F396420F2253D3A100EAFBC9 /* ExpenseViewController.swift */; };
		F39642142253D44000EAFBC9 /* Expense.swift in Sources */ = {isa = PBXBuildFile; fileRef = F39642132253D44000EAFBC9 /* Expense.swift */; };
		F39642162253D47600EAFBC9 /* ExpenseSet.swift in Sources */ = {isa = PBXBuildFile; fileRef = F39642152253D47600EAFBC9 /* ExpenseSet.swift */; };
		F39642182253D49A00EAFBC9 /* ExpenseDAO.swift in Sources */ = {isa = PBXBuildFile; fileRef = F39642172253D49A00EAFBC9 /* ExpenseDAO.swift */; };
		F396421A2253D4DD00EAFBC9 /* ExpenseSetViewModel.swift in Sources */ = {isa = PBXBuildFile; fileRef = F39642192253D4DD00EAFBC9 /* ExpenseSetViewModel.swift */; };
		F3B82932224D13010021AFE2 /* logoCorbeille.png in Resources */ = {isa = PBXBuildFile; fileRef = F3B82931224D13000021AFE2 /* logoCorbeille.png */; };
		F3BAA8BD2250C25F00FA9F69 /* TravellerDAO.swift in Sources */ = {isa = PBXBuildFile; fileRef = F3BAA8BC2250C25F00FA9F69 /* TravellerDAO.swift */; };
		F3BAA8C02250C2B600FA9F69 /* TravellerSetViewModel.swift in Sources */ = {isa = PBXBuildFile; fileRef = F3BAA8BF2250C2B600FA9F69 /* TravellerSetViewModel.swift */; };
		F3BAA8C22250C31500FA9F69 /* TripDAO.swift in Sources */ = {isa = PBXBuildFile; fileRef = F3BAA8C12250C31500FA9F69 /* TripDAO.swift */; };
		F3BAA8C42250C3F700FA9F69 /* TripSet.swift in Sources */ = {isa = PBXBuildFile; fileRef = F3BAA8C32250C3F700FA9F69 /* TripSet.swift */; };
		F3BAA8C62250C65700FA9F69 /* TripSetViewModel.swift in Sources */ = {isa = PBXBuildFile; fileRef = F3BAA8C52250C65700FA9F69 /* TripSetViewModel.swift */; };
		F3CBEDBC225452370045B17B /* TableTravellersExpenseViewController.swift in Sources */ = {isa = PBXBuildFile; fileRef = F3CBEDBB225452360045B17B /* TableTravellersExpenseViewController.swift */; };
		F3CBEDC3225465F60045B17B /* PayFor.swift in Sources */ = {isa = PBXBuildFile; fileRef = F3CBEDC2225465F60045B17B /* PayFor.swift */; };
		F3CBEDC52254FFA30045B17B /* SharingStautsTableViewController.swift in Sources */ = {isa = PBXBuildFile; fileRef = F3CBEDC42254FFA30045B17B /* SharingStautsTableViewController.swift */; };
		F3CBEDC72255001C0045B17B /* SharingStatusSetViewModel.swift in Sources */ = {isa = PBXBuildFile; fileRef = F3CBEDC62255001C0045B17B /* SharingStatusSetViewModel.swift */; };
		F3CBEDC9225505060045B17B /* PayForSet.swift in Sources */ = {isa = PBXBuildFile; fileRef = F3CBEDC8225505060045B17B /* PayForSet.swift */; };
		F3CBEDCB2255067F0045B17B /* PayForDAO.swift in Sources */ = {isa = PBXBuildFile; fileRef = F3CBEDCA2255067F0045B17B /* PayForDAO.swift */; };
		F3CBEDCD225507B30045B17B /* SharingStatusTableViewCell.swift in Sources */ = {isa = PBXBuildFile; fileRef = F3CBEDCC225507B30045B17B /* SharingStatusTableViewCell.swift */; };
		F3CBEDCE225511120045B17B /* SharingStatusViewController.swift in Sources */ = {isa = PBXBuildFile; fileRef = F35EA18B2249E7C5009C021B /* SharingStatusViewController.swift */; };
		F3D0A3482239613900D1DEF6 /* AppDelegate.swift in Sources */ = {isa = PBXBuildFile; fileRef = F3D0A3472239613900D1DEF6 /* AppDelegate.swift */; };
		F3D0A34A2239613900D1DEF6 /* ShowTripDetailViewController.swift in Sources */ = {isa = PBXBuildFile; fileRef = F3D0A3492239613900D1DEF6 /* ShowTripDetailViewController.swift */; };
		F3D0A34D2239613900D1DEF6 /* Main.storyboard in Resources */ = {isa = PBXBuildFile; fileRef = F3D0A34B2239613900D1DEF6 /* Main.storyboard */; };
		F3D0A3502239613900D1DEF6 /* AccountingTogether.xcdatamodeld in Sources */ = {isa = PBXBuildFile; fileRef = F3D0A34E2239613900D1DEF6 /* AccountingTogether.xcdatamodeld */; };
		F3D0A3522239613C00D1DEF6 /* Assets.xcassets in Resources */ = {isa = PBXBuildFile; fileRef = F3D0A3512239613C00D1DEF6 /* Assets.xcassets */; };
		F3D0A3552239613C00D1DEF6 /* LaunchScreen.storyboard in Resources */ = {isa = PBXBuildFile; fileRef = F3D0A3532239613C00D1DEF6 /* LaunchScreen.storyboard */; };
		F3D0A3602239613C00D1DEF6 /* AccountingTogetherTests.swift in Sources */ = {isa = PBXBuildFile; fileRef = F3D0A35F2239613C00D1DEF6 /* AccountingTogetherTests.swift */; };
		F3D0A36B2239613C00D1DEF6 /* AccountingTogetherUITests.swift in Sources */ = {isa = PBXBuildFile; fileRef = F3D0A36A2239613C00D1DEF6 /* AccountingTogetherUITests.swift */; };
/* End PBXBuildFile section */

/* Begin PBXContainerItemProxy section */
		F3D0A35C2239613C00D1DEF6 /* PBXContainerItemProxy */ = {
			isa = PBXContainerItemProxy;
			containerPortal = F3D0A33C2239613900D1DEF6 /* Project object */;
			proxyType = 1;
			remoteGlobalIDString = F3D0A3432239613900D1DEF6;
			remoteInfo = AccountingTogether;
		};
		F3D0A3672239613C00D1DEF6 /* PBXContainerItemProxy */ = {
			isa = PBXContainerItemProxy;
			containerPortal = F3D0A33C2239613900D1DEF6 /* Project object */;
			proxyType = 1;
			remoteGlobalIDString = F3D0A3432239613900D1DEF6;
			remoteInfo = AccountingTogether;
		};
/* End PBXContainerItemProxy section */

/* Begin PBXFileReference section */
		6D2E97892253D1EA003333A2 /* ExpenseTableViewController.swift */ = {isa = PBXFileReference; lastKnownFileType = sourcecode.swift; name = ExpenseTableViewController.swift; path = ../../../ExpenseTableViewController.swift; sourceTree = "<group>"; };
		6D87C71322541B7000FDE964 /* RepaymentTableViewController.swift */ = {isa = PBXFileReference; lastKnownFileType = sourcecode.swift; path = RepaymentTableViewController.swift; sourceTree = "<group>"; };
		6D87C71522541BEA00FDE964 /* RepaymentViewController.swift */ = {isa = PBXFileReference; lastKnownFileType = sourcecode.swift; path = RepaymentViewController.swift; sourceTree = "<group>"; };
		6D87C71922541EE900FDE964 /* RepaymentSetViewModel.swift */ = {isa = PBXFileReference; lastKnownFileType = sourcecode.swift; path = RepaymentSetViewModel.swift; sourceTree = "<group>"; };
		6D87C71D2254203600FDE964 /* Repayment.swift */ = {isa = PBXFileReference; lastKnownFileType = sourcecode.swift; path = Repayment.swift; sourceTree = "<group>"; };
		6D87C71F2254204200FDE964 /* RepaymentSet.swift */ = {isa = PBXFileReference; lastKnownFileType = sourcecode.swift; path = RepaymentSet.swift; sourceTree = "<group>"; };
		6D87C7212254212800FDE964 /* RepaymentDAO.swift */ = {isa = PBXFileReference; lastKnownFileType = sourcecode.swift; path = RepaymentDAO.swift; sourceTree = "<group>"; };
		6DD9A7F3225553D5006EDCFC /* TableTravellersRepaymentViewController.swift */ = {isa = PBXFileReference; lastKnownFileType = sourcecode.swift; path = TableTravellersRepaymentViewController.swift; sourceTree = "<group>"; };
		F3349E9E224A782A00B3038B /* RepaymentTableViewCell.swift */ = {isa = PBXFileReference; lastKnownFileType = sourcecode.swift; path = RepaymentTableViewCell.swift; sourceTree = "<group>"; };
		F3349EA0224B7D0E00B3038B /* TripViewController.swift */ = {isa = PBXFileReference; lastKnownFileType = sourcecode.swift; path = TripViewController.swift; sourceTree = "<group>"; };
		F3349EA2224B7D9C00B3038B /* TripCell.swift */ = {isa = PBXFileReference; lastKnownFileType = sourcecode.swift; path = TripCell.swift; sourceTree = "<group>"; };
		F3349EA5224BC17D00B3038B /* singapore.jpg */ = {isa = PBXFileReference; lastKnownFileType = image.jpeg; name = singapore.jpg; path = AccountingTogether/singapore.jpg; sourceTree = "<group>"; };
		F33D1FBB224665A900CEF876 /* Trip.swift */ = {isa = PBXFileReference; lastKnownFileType = sourcecode.swift; path = Trip.swift; sourceTree = "<group>"; };
		F33D1FBD2246668E00CEF876 /* AddTripViewController.swift */ = {isa = PBXFileReference; lastKnownFileType = sourcecode.swift; path = AddTripViewController.swift; sourceTree = "<group>"; };
		F33D1FBF224666A100CEF876 /* EditTripViewController.swift */ = {isa = PBXFileReference; lastKnownFileType = sourcecode.swift; path = EditTripViewController.swift; sourceTree = "<group>"; };
		F33D1FC12246676500CEF876 /* TripTableViewController.swift */ = {isa = PBXFileReference; lastKnownFileType = sourcecode.swift; path = TripTableViewController.swift; sourceTree = "<group>"; };
		F33D1FC32246685E00CEF876 /* CoreDataManager.swift */ = {isa = PBXFileReference; lastKnownFileType = sourcecode.swift; path = CoreDataManager.swift; sourceTree = "<group>"; };
		F33D1FC52246687E00CEF876 /* FormValidatorHelper.swift */ = {isa = PBXFileReference; lastKnownFileType = sourcecode.swift; path = FormValidatorHelper.swift; sourceTree = "<group>"; };
		F33D1FC7224668A000CEF876 /* DialogBoxHelper.swift */ = {isa = PBXFileReference; lastKnownFileType = sourcecode.swift; path = DialogBoxHelper.swift; sourceTree = "<group>"; };
		F33D1FC9224668C000CEF876 /* NotificationHelper.swift */ = {isa = PBXFileReference; lastKnownFileType = sourcecode.swift; path = NotificationHelper.swift; sourceTree = "<group>"; };
		F33D1FCB22466AAE00CEF876 /* TripTableViewCell.swift */ = {isa = PBXFileReference; lastKnownFileType = sourcecode.swift; path = TripTableViewCell.swift; sourceTree = "<group>"; };
		F35EA17B2249D126009C021B /* TravellerViewController.swift */ = {isa = PBXFileReference; lastKnownFileType = sourcecode.swift; path = TravellerViewController.swift; sourceTree = "<group>"; };
		F35EA17D2249D13C009C021B /* ShowTravellerDetailViewController.swift */ = {isa = PBXFileReference; lastKnownFileType = sourcecode.swift; path = ShowTravellerDetailViewController.swift; sourceTree = "<group>"; };
		F35EA17F2249D159009C021B /* AddTravellerViewController.swift */ = {isa = PBXFileReference; lastKnownFileType = sourcecode.swift; path = AddTravellerViewController.swift; sourceTree = "<group>"; };
		F35EA1852249E75F009C021B /* AddExpenseViewController.swift */ = {isa = PBXFileReference; lastKnownFileType = sourcecode.swift; path = AddExpenseViewController.swift; sourceTree = "<group>"; };
		F35EA1872249E783009C021B /* ShowRepaymentsViewController.swift */ = {isa = PBXFileReference; lastKnownFileType = sourcecode.swift; path = ShowRepaymentsViewController.swift; sourceTree = "<group>"; };
		F35EA1892249E799009C021B /* AddRepaymentViewController.swift */ = {isa = PBXFileReference; lastKnownFileType = sourcecode.swift; path = AddRepaymentViewController.swift; sourceTree = "<group>"; };
		F35EA18B2249E7C5009C021B /* SharingStatusViewController.swift */ = {isa = PBXFileReference; lastKnownFileType = sourcecode.swift; path = SharingStatusViewController.swift; sourceTree = "<group>"; };
		F35EA193224A234D009C021B /* ExpenseTableViewCell.swift */ = {isa = PBXFileReference; lastKnownFileType = sourcecode.swift; path = ExpenseTableViewCell.swift; sourceTree = "<group>"; };
		F35EA195224A2370009C021B /* TravellerTableViewCell.swift */ = {isa = PBXFileReference; lastKnownFileType = sourcecode.swift; path = TravellerTableViewCell.swift; sourceTree = "<group>"; };
		F36D5E9D22522F0F0001FF9A /* EmbedTripViewController.swift */ = {isa = PBXFileReference; lastKnownFileType = sourcecode.swift; path = EmbedTripViewController.swift; sourceTree = "<group>"; };
		F36D5E9F2252CE6B0001FF9A /* TableTravellerEmbedViewController.swift */ = {isa = PBXFileReference; lastKnownFileType = sourcecode.swift; path = TableTravellerEmbedViewController.swift; sourceTree = "<group>"; };
		F36D5EA32252D0A40001FF9A /* Traveller.swift */ = {isa = PBXFileReference; lastKnownFileType = sourcecode.swift; path = Traveller.swift; sourceTree = "<group>"; };
		F36D5EA52252D0B80001FF9A /* TravellerSet.swift */ = {isa = PBXFileReference; lastKnownFileType = sourcecode.swift; path = TravellerSet.swift; sourceTree = "<group>"; };
		F36D5EA72252DA840001FF9A /* EmbedTravellerViewController.swift */ = {isa = PBXFileReference; lastKnownFileType = sourcecode.swift; path = EmbedTravellerViewController.swift; sourceTree = "<group>"; };
		F36D5EA92252DD970001FF9A /* EditTravellerViewController.swift */ = {isa = PBXFileReference; lastKnownFileType = sourcecode.swift; path = EditTravellerViewController.swift; sourceTree = "<group>"; };
		F396420F2253D3A100EAFBC9 /* ExpenseViewController.swift */ = {isa = PBXFileReference; lastKnownFileType = sourcecode.swift; name = ExpenseViewController.swift; path = ../../../ExpenseViewController.swift; sourceTree = "<group>"; };
		F39642132253D44000EAFBC9 /* Expense.swift */ = {isa = PBXFileReference; lastKnownFileType = sourcecode.swift; path = Expense.swift; sourceTree = "<group>"; };
		F39642152253D47600EAFBC9 /* ExpenseSet.swift */ = {isa = PBXFileReference; lastKnownFileType = sourcecode.swift; path = ExpenseSet.swift; sourceTree = "<group>"; };
		F39642172253D49A00EAFBC9 /* ExpenseDAO.swift */ = {isa = PBXFileReference; lastKnownFileType = sourcecode.swift; name = ExpenseDAO.swift; path = ../../ExpenseDAO.swift; sourceTree = "<group>"; };
		F39642192253D4DD00EAFBC9 /* ExpenseSetViewModel.swift */ = {isa = PBXFileReference; lastKnownFileType = sourcecode.swift; name = ExpenseSetViewModel.swift; path = ../../ExpenseSetViewModel.swift; sourceTree = "<group>"; };
		F3B82931224D13000021AFE2 /* logoCorbeille.png */ = {isa = PBXFileReference; lastKnownFileType = image.png; name = logoCorbeille.png; path = AccountingTogether/logoCorbeille.png; sourceTree = "<group>"; };
		F3BAA8BC2250C25F00FA9F69 /* TravellerDAO.swift */ = {isa = PBXFileReference; lastKnownFileType = sourcecode.swift; path = TravellerDAO.swift; sourceTree = "<group>"; };
		F3BAA8BF2250C2B600FA9F69 /* TravellerSetViewModel.swift */ = {isa = PBXFileReference; lastKnownFileType = sourcecode.swift; path = TravellerSetViewModel.swift; sourceTree = "<group>"; };
		F3BAA8C12250C31500FA9F69 /* TripDAO.swift */ = {isa = PBXFileReference; lastKnownFileType = sourcecode.swift; path = TripDAO.swift; sourceTree = "<group>"; };
		F3BAA8C32250C3F700FA9F69 /* TripSet.swift */ = {isa = PBXFileReference; lastKnownFileType = sourcecode.swift; path = TripSet.swift; sourceTree = "<group>"; };
		F3BAA8C52250C65700FA9F69 /* TripSetViewModel.swift */ = {isa = PBXFileReference; lastKnownFileType = sourcecode.swift; path = TripSetViewModel.swift; sourceTree = "<group>"; };
		F3CBEDBB225452360045B17B /* TableTravellersExpenseViewController.swift */ = {isa = PBXFileReference; lastKnownFileType = sourcecode.swift; path = TableTravellersExpenseViewController.swift; sourceTree = "<group>"; };
		F3CBEDC2225465F60045B17B /* PayFor.swift */ = {isa = PBXFileReference; lastKnownFileType = sourcecode.swift; path = PayFor.swift; sourceTree = "<group>"; };
		F3CBEDC42254FFA30045B17B /* SharingStautsTableViewController.swift */ = {isa = PBXFileReference; lastKnownFileType = sourcecode.swift; path = SharingStautsTableViewController.swift; sourceTree = "<group>"; };
		F3CBEDC62255001C0045B17B /* SharingStatusSetViewModel.swift */ = {isa = PBXFileReference; lastKnownFileType = sourcecode.swift; path = SharingStatusSetViewModel.swift; sourceTree = "<group>"; };
		F3CBEDC8225505060045B17B /* PayForSet.swift */ = {isa = PBXFileReference; lastKnownFileType = sourcecode.swift; path = PayForSet.swift; sourceTree = "<group>"; };
		F3CBEDCA2255067F0045B17B /* PayForDAO.swift */ = {isa = PBXFileReference; lastKnownFileType = sourcecode.swift; path = PayForDAO.swift; sourceTree = "<group>"; };
		F3CBEDCC225507B30045B17B /* SharingStatusTableViewCell.swift */ = {isa = PBXFileReference; lastKnownFileType = sourcecode.swift; path = SharingStatusTableViewCell.swift; sourceTree = "<group>"; };
		F3D0A3442239613900D1DEF6 /* AccountingTogether.app */ = {isa = PBXFileReference; explicitFileType = wrapper.application; includeInIndex = 0; path = AccountingTogether.app; sourceTree = BUILT_PRODUCTS_DIR; };
		F3D0A3472239613900D1DEF6 /* AppDelegate.swift */ = {isa = PBXFileReference; lastKnownFileType = sourcecode.swift; path = AppDelegate.swift; sourceTree = "<group>"; };
		F3D0A3492239613900D1DEF6 /* ShowTripDetailViewController.swift */ = {isa = PBXFileReference; lastKnownFileType = sourcecode.swift; path = ShowTripDetailViewController.swift; sourceTree = "<group>"; };
		F3D0A34C2239613900D1DEF6 /* Base */ = {isa = PBXFileReference; lastKnownFileType = file.storyboard; name = Base; path = Base.lproj/Main.storyboard; sourceTree = "<group>"; };
		F3D0A34F2239613900D1DEF6 /* AccountingTogether.xcdatamodel */ = {isa = PBXFileReference; lastKnownFileType = wrapper.xcdatamodel; path = AccountingTogether.xcdatamodel; sourceTree = "<group>"; };
		F3D0A3512239613C00D1DEF6 /* Assets.xcassets */ = {isa = PBXFileReference; lastKnownFileType = folder.assetcatalog; path = Assets.xcassets; sourceTree = "<group>"; };
		F3D0A3542239613C00D1DEF6 /* Base */ = {isa = PBXFileReference; lastKnownFileType = file.storyboard; name = Base; path = Base.lproj/LaunchScreen.storyboard; sourceTree = "<group>"; };
		F3D0A3562239613C00D1DEF6 /* Info.plist */ = {isa = PBXFileReference; lastKnownFileType = text.plist.xml; path = Info.plist; sourceTree = "<group>"; };
		F3D0A35B2239613C00D1DEF6 /* AccountingTogetherTests.xctest */ = {isa = PBXFileReference; explicitFileType = wrapper.cfbundle; includeInIndex = 0; path = AccountingTogetherTests.xctest; sourceTree = BUILT_PRODUCTS_DIR; };
		F3D0A35F2239613C00D1DEF6 /* AccountingTogetherTests.swift */ = {isa = PBXFileReference; lastKnownFileType = sourcecode.swift; path = AccountingTogetherTests.swift; sourceTree = "<group>"; };
		F3D0A3612239613C00D1DEF6 /* Info.plist */ = {isa = PBXFileReference; lastKnownFileType = text.plist.xml; path = Info.plist; sourceTree = "<group>"; };
		F3D0A3662239613C00D1DEF6 /* AccountingTogetherUITests.xctest */ = {isa = PBXFileReference; explicitFileType = wrapper.cfbundle; includeInIndex = 0; path = AccountingTogetherUITests.xctest; sourceTree = BUILT_PRODUCTS_DIR; };
		F3D0A36A2239613C00D1DEF6 /* AccountingTogetherUITests.swift */ = {isa = PBXFileReference; lastKnownFileType = sourcecode.swift; path = AccountingTogetherUITests.swift; sourceTree = "<group>"; };
		F3D0A36C2239613C00D1DEF6 /* Info.plist */ = {isa = PBXFileReference; lastKnownFileType = text.plist.xml; path = Info.plist; sourceTree = "<group>"; };
/* End PBXFileReference section */

/* Begin PBXFrameworksBuildPhase section */
		F3D0A3412239613900D1DEF6 /* Frameworks */ = {
			isa = PBXFrameworksBuildPhase;
			buildActionMask = 2147483647;
			files = (
			);
			runOnlyForDeploymentPostprocessing = 0;
		};
		F3D0A3582239613C00D1DEF6 /* Frameworks */ = {
			isa = PBXFrameworksBuildPhase;
			buildActionMask = 2147483647;
			files = (
			);
			runOnlyForDeploymentPostprocessing = 0;
		};
		F3D0A3632239613C00D1DEF6 /* Frameworks */ = {
			isa = PBXFrameworksBuildPhase;
			buildActionMask = 2147483647;
			files = (
			);
			runOnlyForDeploymentPostprocessing = 0;
		};
/* End PBXFrameworksBuildPhase section */

/* Begin PBXGroup section */
		6D87C71B22541FF200FDE964 /* Expense */ = {
			isa = PBXGroup;
			children = (
				F39642132253D44000EAFBC9 /* Expense.swift */,
				F39642152253D47600EAFBC9 /* ExpenseSet.swift */,
			);
			path = Expense;
			sourceTree = "<group>";
		};
		6D87C71C2254200D00FDE964 /* Repayment */ = {
			isa = PBXGroup;
			children = (
				6D87C71D2254203600FDE964 /* Repayment.swift */,
				6D87C71F2254204200FDE964 /* RepaymentSet.swift */,
			);
			path = Repayment;
			sourceTree = "<group>";
		};
		F33D1FB72246649500CEF876 /* Controller */ = {
			isa = PBXGroup;
			children = (
				F35EA1752249CEBC009C021B /* SharingStatus */,
				F35EA1742249CEB3009C021B /* Repayment */,
				F35EA1732249CEA9009C021B /* Expense */,
				F35EA1722249CE9F009C021B /* Traveller */,
				F35EA1712249CE8A009C021B /* Trip */,
			);
			path = Controller;
			sourceTree = "<group>";
		};
		F33D1FB8224664AA00CEF876 /* Model */ = {
			isa = PBXGroup;
			children = (
				F3CBEDC1225465E50045B17B /* PayFor */,
				6D87C71C2254200D00FDE964 /* Repayment */,
				6D87C71B22541FF200FDE964 /* Expense */,
				F36D5EA22252D0860001FF9A /* Traveller */,
				F36D5EA12252D0700001FF9A /* Trip */,
				F33D1FBA224664D900CEF876 /* Helders */,
			);
			path = Model;
			sourceTree = "<group>";
		};
		F33D1FB9224664CA00CEF876 /* Cells */ = {
			isa = PBXGroup;
			children = (
				F33D1FCB22466AAE00CEF876 /* TripTableViewCell.swift */,
				F35EA193224A234D009C021B /* ExpenseTableViewCell.swift */,
				F35EA195224A2370009C021B /* TravellerTableViewCell.swift */,
				F3349E9E224A782A00B3038B /* RepaymentTableViewCell.swift */,
				F3349EA2224B7D9C00B3038B /* TripCell.swift */,
				F3CBEDCC225507B30045B17B /* SharingStatusTableViewCell.swift */,
			);
			path = Cells;
			sourceTree = "<group>";
		};
		F33D1FBA224664D900CEF876 /* Helders */ = {
			isa = PBXGroup;
			children = (
				F33D1FC32246685E00CEF876 /* CoreDataManager.swift */,
				F33D1FC52246687E00CEF876 /* FormValidatorHelper.swift */,
				F33D1FC7224668A000CEF876 /* DialogBoxHelper.swift */,
				F33D1FC9224668C000CEF876 /* NotificationHelper.swift */,
			);
			path = Helders;
			sourceTree = "<group>";
		};
		F35EA1712249CE8A009C021B /* Trip */ = {
			isa = PBXGroup;
			children = (
				F3D0A3492239613900D1DEF6 /* ShowTripDetailViewController.swift */,
				F33D1FBD2246668E00CEF876 /* AddTripViewController.swift */,
				F33D1FBF224666A100CEF876 /* EditTripViewController.swift */,
				F33D1FC12246676500CEF876 /* TripTableViewController.swift */,
				F3349EA0224B7D0E00B3038B /* TripViewController.swift */,
				F36D5E9D22522F0F0001FF9A /* EmbedTripViewController.swift */,
			);
			path = Trip;
			sourceTree = "<group>";
		};
		F35EA1722249CE9F009C021B /* Traveller */ = {
			isa = PBXGroup;
			children = (
				F35EA17B2249D126009C021B /* TravellerViewController.swift */,
				F35EA17D2249D13C009C021B /* ShowTravellerDetailViewController.swift */,
				F35EA17F2249D159009C021B /* AddTravellerViewController.swift */,
				F36D5E9F2252CE6B0001FF9A /* TableTravellerEmbedViewController.swift */,
				F36D5EA72252DA840001FF9A /* EmbedTravellerViewController.swift */,
				F36D5EA92252DD970001FF9A /* EditTravellerViewController.swift */,
			);
			path = Traveller;
			sourceTree = "<group>";
		};
		F35EA1732249CEA9009C021B /* Expense */ = {
			isa = PBXGroup;
			children = (
				F35EA1852249E75F009C021B /* AddExpenseViewController.swift */,
				F396420F2253D3A100EAFBC9 /* ExpenseViewController.swift */,
				6D2E97892253D1EA003333A2 /* ExpenseTableViewController.swift */,
				F3CBEDBB225452360045B17B /* TableTravellersExpenseViewController.swift */,
			);
			path = Expense;
			sourceTree = "<group>";
		};
		F35EA1742249CEB3009C021B /* Repayment */ = {
			isa = PBXGroup;
			children = (
				F35EA1892249E799009C021B /* AddRepaymentViewController.swift */,
				F35EA1872249E783009C021B /* ShowRepaymentsViewController.swift */,
				6D87C71322541B7000FDE964 /* RepaymentTableViewController.swift */,
				6D87C71522541BEA00FDE964 /* RepaymentViewController.swift */,
				6DD9A7F3225553D5006EDCFC /* TableTravellersRepaymentViewController.swift */,
			);
			path = Repayment;
			sourceTree = "<group>";
		};
		F35EA1752249CEBC009C021B /* SharingStatus */ = {
			isa = PBXGroup;
			children = (
				F35EA18B2249E7C5009C021B /* SharingStatusViewController.swift */,
				F3CBEDC42254FFA30045B17B /* SharingStautsTableViewController.swift */,
			);
			path = SharingStatus;
			sourceTree = "<group>";
		};
		F36D5EA12252D0700001FF9A /* Trip */ = {
			isa = PBXGroup;
			children = (
				F33D1FBB224665A900CEF876 /* Trip.swift */,
				F3BAA8C32250C3F700FA9F69 /* TripSet.swift */,
			);
			path = Trip;
			sourceTree = "<group>";
		};
		F36D5EA22252D0860001FF9A /* Traveller */ = {
			isa = PBXGroup;
			children = (
				F36D5EA32252D0A40001FF9A /* Traveller.swift */,
				F36D5EA52252D0B80001FF9A /* TravellerSet.swift */,
			);
			path = Traveller;
			sourceTree = "<group>";
		};
		F3BAA8BB2250021C00FA9F69 /* ViewModel */ = {
			isa = PBXGroup;
			children = (
				F39642192253D4DD00EAFBC9 /* ExpenseSetViewModel.swift */,
				F3BAA8BF2250C2B600FA9F69 /* TravellerSetViewModel.swift */,
				F3BAA8C52250C65700FA9F69 /* TripSetViewModel.swift */,
				6D87C71922541EE900FDE964 /* RepaymentSetViewModel.swift */,
				F3CBEDC62255001C0045B17B /* SharingStatusSetViewModel.swift */,
			);
			path = ViewModel;
			sourceTree = "<group>";
		};
		F3BAA8BE2250C26500FA9F69 /* DAO */ = {
			isa = PBXGroup;
			children = (
				F3BAA8BC2250C25F00FA9F69 /* TravellerDAO.swift */,
				6D87C7212254212800FDE964 /* RepaymentDAO.swift */,
				F3BAA8C12250C31500FA9F69 /* TripDAO.swift */,
				F39642172253D49A00EAFBC9 /* ExpenseDAO.swift */,
				F3CBEDCA2255067F0045B17B /* PayForDAO.swift */,
			);
			name = DAO;
			path = "New Group";
			sourceTree = "<group>";
		};
		F3CBEDC1225465E50045B17B /* PayFor */ = {
			isa = PBXGroup;
			children = (
				F3CBEDC2225465F60045B17B /* PayFor.swift */,
				F3CBEDC8225505060045B17B /* PayForSet.swift */,
			);
			name = PayFor;
			path = "New Group";
			sourceTree = "<group>";
		};
		F3D0A33B2239613900D1DEF6 = {
			isa = PBXGroup;
			children = (
				F3D0A3462239613900D1DEF6 /* AccountingTogether */,
				F3D0A35E2239613C00D1DEF6 /* AccountingTogetherTests */,
				F3D0A3692239613C00D1DEF6 /* AccountingTogetherUITests */,
				F3D0A3452239613900D1DEF6 /* Products */,
				F3B82931224D13000021AFE2 /* logoCorbeille.png */,
				F3349EA5224BC17D00B3038B /* singapore.jpg */,
			);
			sourceTree = "<group>";
		};
		F3D0A3452239613900D1DEF6 /* Products */ = {
			isa = PBXGroup;
			children = (
				F3D0A3442239613900D1DEF6 /* AccountingTogether.app */,
				F3D0A35B2239613C00D1DEF6 /* AccountingTogetherTests.xctest */,
				F3D0A3662239613C00D1DEF6 /* AccountingTogetherUITests.xctest */,
			);
			name = Products;
			sourceTree = "<group>";
		};
		F3D0A3462239613900D1DEF6 /* AccountingTogether */ = {
			isa = PBXGroup;
			children = (
				F3BAA8BE2250C26500FA9F69 /* DAO */,
				F3BAA8BB2250021C00FA9F69 /* ViewModel */,
				F33D1FB9224664CA00CEF876 /* Cells */,
				F33D1FB8224664AA00CEF876 /* Model */,
				F33D1FB72246649500CEF876 /* Controller */,
				F3D0A3472239613900D1DEF6 /* AppDelegate.swift */,
				F3D0A34B2239613900D1DEF6 /* Main.storyboard */,
				F3D0A3512239613C00D1DEF6 /* Assets.xcassets */,
				F3D0A3532239613C00D1DEF6 /* LaunchScreen.storyboard */,
				F3D0A3562239613C00D1DEF6 /* Info.plist */,
				F3D0A34E2239613900D1DEF6 /* AccountingTogether.xcdatamodeld */,
			);
			path = AccountingTogether;
			sourceTree = "<group>";
		};
		F3D0A35E2239613C00D1DEF6 /* AccountingTogetherTests */ = {
			isa = PBXGroup;
			children = (
				F3D0A35F2239613C00D1DEF6 /* AccountingTogetherTests.swift */,
				F3D0A3612239613C00D1DEF6 /* Info.plist */,
			);
			path = AccountingTogetherTests;
			sourceTree = "<group>";
		};
		F3D0A3692239613C00D1DEF6 /* AccountingTogetherUITests */ = {
			isa = PBXGroup;
			children = (
				F3D0A36A2239613C00D1DEF6 /* AccountingTogetherUITests.swift */,
				F3D0A36C2239613C00D1DEF6 /* Info.plist */,
			);
			path = AccountingTogetherUITests;
			sourceTree = "<group>";
		};
/* End PBXGroup section */

/* Begin PBXNativeTarget section */
		F3D0A3432239613900D1DEF6 /* AccountingTogether */ = {
			isa = PBXNativeTarget;
			buildConfigurationList = F3D0A36F2239613C00D1DEF6 /* Build configuration list for PBXNativeTarget "AccountingTogether" */;
			buildPhases = (
				F3D0A3402239613900D1DEF6 /* Sources */,
				F3D0A3412239613900D1DEF6 /* Frameworks */,
				F3D0A3422239613900D1DEF6 /* Resources */,
			);
			buildRules = (
			);
			dependencies = (
			);
			name = AccountingTogether;
			productName = AccountingTogether;
			productReference = F3D0A3442239613900D1DEF6 /* AccountingTogether.app */;
			productType = "com.apple.product-type.application";
		};
		F3D0A35A2239613C00D1DEF6 /* AccountingTogetherTests */ = {
			isa = PBXNativeTarget;
			buildConfigurationList = F3D0A3722239613C00D1DEF6 /* Build configuration list for PBXNativeTarget "AccountingTogetherTests" */;
			buildPhases = (
				F3D0A3572239613C00D1DEF6 /* Sources */,
				F3D0A3582239613C00D1DEF6 /* Frameworks */,
				F3D0A3592239613C00D1DEF6 /* Resources */,
			);
			buildRules = (
			);
			dependencies = (
				F3D0A35D2239613C00D1DEF6 /* PBXTargetDependency */,
			);
			name = AccountingTogetherTests;
			productName = AccountingTogetherTests;
			productReference = F3D0A35B2239613C00D1DEF6 /* AccountingTogetherTests.xctest */;
			productType = "com.apple.product-type.bundle.unit-test";
		};
		F3D0A3652239613C00D1DEF6 /* AccountingTogetherUITests */ = {
			isa = PBXNativeTarget;
			buildConfigurationList = F3D0A3752239613C00D1DEF6 /* Build configuration list for PBXNativeTarget "AccountingTogetherUITests" */;
			buildPhases = (
				F3D0A3622239613C00D1DEF6 /* Sources */,
				F3D0A3632239613C00D1DEF6 /* Frameworks */,
				F3D0A3642239613C00D1DEF6 /* Resources */,
			);
			buildRules = (
			);
			dependencies = (
				F3D0A3682239613C00D1DEF6 /* PBXTargetDependency */,
			);
			name = AccountingTogetherUITests;
			productName = AccountingTogetherUITests;
			productReference = F3D0A3662239613C00D1DEF6 /* AccountingTogetherUITests.xctest */;
			productType = "com.apple.product-type.bundle.ui-testing";
		};
/* End PBXNativeTarget section */

/* Begin PBXProject section */
		F3D0A33C2239613900D1DEF6 /* Project object */ = {
			isa = PBXProject;
			attributes = {
				LastSwiftUpdateCheck = 1010;
				LastUpgradeCheck = 1010;
				ORGANIZATIONNAME = "Luca Debeir";
				TargetAttributes = {
					F3D0A3432239613900D1DEF6 = {
						CreatedOnToolsVersion = 10.1;
					};
					F3D0A35A2239613C00D1DEF6 = {
						CreatedOnToolsVersion = 10.1;
						TestTargetID = F3D0A3432239613900D1DEF6;
					};
					F3D0A3652239613C00D1DEF6 = {
						CreatedOnToolsVersion = 10.1;
						TestTargetID = F3D0A3432239613900D1DEF6;
					};
				};
			};
			buildConfigurationList = F3D0A33F2239613900D1DEF6 /* Build configuration list for PBXProject "AccountingTogether" */;
			compatibilityVersion = "Xcode 9.3";
			developmentRegion = en;
			hasScannedForEncodings = 0;
			knownRegions = (
				en,
				Base,
			);
			mainGroup = F3D0A33B2239613900D1DEF6;
			productRefGroup = F3D0A3452239613900D1DEF6 /* Products */;
			projectDirPath = "";
			projectRoot = "";
			targets = (
				F3D0A3432239613900D1DEF6 /* AccountingTogether */,
				F3D0A35A2239613C00D1DEF6 /* AccountingTogetherTests */,
				F3D0A3652239613C00D1DEF6 /* AccountingTogetherUITests */,
			);
		};
/* End PBXProject section */

/* Begin PBXResourcesBuildPhase section */
		F3D0A3422239613900D1DEF6 /* Resources */ = {
			isa = PBXResourcesBuildPhase;
			buildActionMask = 2147483647;
			files = (
				F3349EA6224BC17E00B3038B /* singapore.jpg in Resources */,
				F3D0A3552239613C00D1DEF6 /* LaunchScreen.storyboard in Resources */,
				F3B82932224D13010021AFE2 /* logoCorbeille.png in Resources */,
				F3D0A3522239613C00D1DEF6 /* Assets.xcassets in Resources */,
				F3D0A34D2239613900D1DEF6 /* Main.storyboard in Resources */,
			);
			runOnlyForDeploymentPostprocessing = 0;
		};
		F3D0A3592239613C00D1DEF6 /* Resources */ = {
			isa = PBXResourcesBuildPhase;
			buildActionMask = 2147483647;
			files = (
			);
			runOnlyForDeploymentPostprocessing = 0;
		};
		F3D0A3642239613C00D1DEF6 /* Resources */ = {
			isa = PBXResourcesBuildPhase;
			buildActionMask = 2147483647;
			files = (
			);
			runOnlyForDeploymentPostprocessing = 0;
		};
/* End PBXResourcesBuildPhase section */

/* Begin PBXSourcesBuildPhase section */
		F3D0A3402239613900D1DEF6 /* Sources */ = {
			isa = PBXSourcesBuildPhase;
			buildActionMask = 2147483647;
			files = (
				F3CBEDCE225511120045B17B /* SharingStatusViewController.swift in Sources */,
				F396421A2253D4DD00EAFBC9 /* ExpenseSetViewModel.swift in Sources */,
				F3CBEDC3225465F60045B17B /* PayFor.swift in Sources */,
				6D87C71422541B7000FDE964 /* RepaymentTableViewController.swift in Sources */,
				F33D1FCC22466AAF00CEF876 /* TripTableViewCell.swift in Sources */,
				F36D5EA02252CE6B0001FF9A /* TableTravellerEmbedViewController.swift in Sources */,
				F33D1FBE2246668E00CEF876 /* AddTripViewController.swift in Sources */,
				F3349EA1224B7D0E00B3038B /* TripViewController.swift in Sources */,
				F33D1FC8224668A000CEF876 /* DialogBoxHelper.swift in Sources */,
				F3D0A34A2239613900D1DEF6 /* ShowTripDetailViewController.swift in Sources */,
				F36D5EA42252D0A40001FF9A /* Traveller.swift in Sources */,
				F3BAA8C22250C31500FA9F69 /* TripDAO.swift in Sources */,
				F3349E9F224A782A00B3038B /* RepaymentTableViewCell.swift in Sources */,
				6D2E978A2253D1EA003333A2 /* ExpenseTableViewController.swift in Sources */,
				F3CBEDCB2255067F0045B17B /* PayForDAO.swift in Sources */,
				F35EA1882249E783009C021B /* ShowRepaymentsViewController.swift in Sources */,
				F39642162253D47600EAFBC9 /* ExpenseSet.swift in Sources */,
				F3D0A3482239613900D1DEF6 /* AppDelegate.swift in Sources */,
				6D87C71622541BEA00FDE964 /* RepaymentViewController.swift in Sources */,
				F35EA18A2249E799009C021B /* AddRepaymentViewController.swift in Sources */,
				F35EA17E2249D13C009C021B /* ShowTravellerDetailViewController.swift in Sources */,
				6D87C71A22541EE900FDE964 /* RepaymentSetViewModel.swift in Sources */,
				F36D5EA62252D0B80001FF9A /* TravellerSet.swift in Sources */,
				F33D1FC62246687E00CEF876 /* FormValidatorHelper.swift in Sources */,
				F33D1FC22246676600CEF876 /* TripTableViewController.swift in Sources */,
				F33D1FC0224666A100CEF876 /* EditTripViewController.swift in Sources */,
				6DD9A7F4225553D5006EDCFC /* TableTravellersRepaymentViewController.swift in Sources */,
				F33D1FBC224665A900CEF876 /* Trip.swift in Sources */,
				6D87C7222254212800FDE964 /* RepaymentDAO.swift in Sources */,
				F3BAA8C02250C2B600FA9F69 /* TravellerSetViewModel.swift in Sources */,
				6D87C7202254204200FDE964 /* RepaymentSet.swift in Sources */,
				F33D1FC42246685E00CEF876 /* CoreDataManager.swift in Sources */,
				F35EA1802249D159009C021B /* AddTravellerViewController.swift in Sources */,
				F3BAA8C42250C3F700FA9F69 /* TripSet.swift in Sources */,
				F3CBEDC72255001C0045B17B /* SharingStatusSetViewModel.swift in Sources */,
				F35EA17C2249D126009C021B /* TravellerViewController.swift in Sources */,
				F3CBEDC52254FFA30045B17B /* SharingStautsTableViewController.swift in Sources */,
				F39642182253D49A00EAFBC9 /* ExpenseDAO.swift in Sources */,
				F3CBEDBC225452370045B17B /* TableTravellersExpenseViewController.swift in Sources */,
				F35EA194224A234D009C021B /* ExpenseTableViewCell.swift in Sources */,
				F3349EA3224B7D9C00B3038B /* TripCell.swift in Sources */,
				F3BAA8BD2250C25F00FA9F69 /* TravellerDAO.swift in Sources */,
				F3CBEDCD225507B30045B17B /* SharingStatusTableViewCell.swift in Sources */,
				F36D5EAA2252DD970001FF9A /* EditTravellerViewController.swift in Sources */,
				F39642102253D3A100EAFBC9 /* ExpenseViewController.swift in Sources */,
				F3D0A3502239613900D1DEF6 /* AccountingTogether.xcdatamodeld in Sources */,
				F36D5E9E22522F0F0001FF9A /* EmbedTripViewController.swift in Sources */,
				F36D5EA82252DA840001FF9A /* EmbedTravellerViewController.swift in Sources */,
				F35EA196224A2370009C021B /* TravellerTableViewCell.swift in Sources */,
				F39642142253D44000EAFBC9 /* Expense.swift in Sources */,
				F3BAA8C62250C65700FA9F69 /* TripSetViewModel.swift in Sources */,
				F35EA1862249E75F009C021B /* AddExpenseViewController.swift in Sources */,
				F33D1FCA224668C000CEF876 /* NotificationHelper.swift in Sources */,
				6D87C71E2254203600FDE964 /* Repayment.swift in Sources */,
				F3CBEDC9225505060045B17B /* PayForSet.swift in Sources */,
			);
			runOnlyForDeploymentPostprocessing = 0;
		};
		F3D0A3572239613C00D1DEF6 /* Sources */ = {
			isa = PBXSourcesBuildPhase;
			buildActionMask = 2147483647;
			files = (
				F3D0A3602239613C00D1DEF6 /* AccountingTogetherTests.swift in Sources */,
			);
			runOnlyForDeploymentPostprocessing = 0;
		};
		F3D0A3622239613C00D1DEF6 /* Sources */ = {
			isa = PBXSourcesBuildPhase;
			buildActionMask = 2147483647;
			files = (
				F3D0A36B2239613C00D1DEF6 /* AccountingTogetherUITests.swift in Sources */,
			);
			runOnlyForDeploymentPostprocessing = 0;
		};
/* End PBXSourcesBuildPhase section */

/* Begin PBXTargetDependency section */
		F3D0A35D2239613C00D1DEF6 /* PBXTargetDependency */ = {
			isa = PBXTargetDependency;
			target = F3D0A3432239613900D1DEF6 /* AccountingTogether */;
			targetProxy = F3D0A35C2239613C00D1DEF6 /* PBXContainerItemProxy */;
		};
		F3D0A3682239613C00D1DEF6 /* PBXTargetDependency */ = {
			isa = PBXTargetDependency;
			target = F3D0A3432239613900D1DEF6 /* AccountingTogether */;
			targetProxy = F3D0A3672239613C00D1DEF6 /* PBXContainerItemProxy */;
		};
/* End PBXTargetDependency section */

/* Begin PBXVariantGroup section */
		F3D0A34B2239613900D1DEF6 /* Main.storyboard */ = {
			isa = PBXVariantGroup;
			children = (
				F3D0A34C2239613900D1DEF6 /* Base */,
			);
			name = Main.storyboard;
			sourceTree = "<group>";
		};
		F3D0A3532239613C00D1DEF6 /* LaunchScreen.storyboard */ = {
			isa = PBXVariantGroup;
			children = (
				F3D0A3542239613C00D1DEF6 /* Base */,
			);
			name = LaunchScreen.storyboard;
			sourceTree = "<group>";
		};
/* End PBXVariantGroup section */

/* Begin XCBuildConfiguration section */
		F3D0A36D2239613C00D1DEF6 /* Debug */ = {
			isa = XCBuildConfiguration;
			buildSettings = {
				ALWAYS_SEARCH_USER_PATHS = NO;
				CLANG_ANALYZER_NONNULL = YES;
				CLANG_ANALYZER_NUMBER_OBJECT_CONVERSION = YES_AGGRESSIVE;
				CLANG_CXX_LANGUAGE_STANDARD = "gnu++14";
				CLANG_CXX_LIBRARY = "libc++";
				CLANG_ENABLE_MODULES = YES;
				CLANG_ENABLE_OBJC_ARC = YES;
				CLANG_ENABLE_OBJC_WEAK = YES;
				CLANG_WARN_BLOCK_CAPTURE_AUTORELEASING = YES;
				CLANG_WARN_BOOL_CONVERSION = YES;
				CLANG_WARN_COMMA = YES;
				CLANG_WARN_CONSTANT_CONVERSION = YES;
				CLANG_WARN_DEPRECATED_OBJC_IMPLEMENTATIONS = YES;
				CLANG_WARN_DIRECT_OBJC_ISA_USAGE = YES_ERROR;
				CLANG_WARN_DOCUMENTATION_COMMENTS = YES;
				CLANG_WARN_EMPTY_BODY = YES;
				CLANG_WARN_ENUM_CONVERSION = YES;
				CLANG_WARN_INFINITE_RECURSION = YES;
				CLANG_WARN_INT_CONVERSION = YES;
				CLANG_WARN_NON_LITERAL_NULL_CONVERSION = YES;
				CLANG_WARN_OBJC_IMPLICIT_RETAIN_SELF = YES;
				CLANG_WARN_OBJC_LITERAL_CONVERSION = YES;
				CLANG_WARN_OBJC_ROOT_CLASS = YES_ERROR;
				CLANG_WARN_RANGE_LOOP_ANALYSIS = YES;
				CLANG_WARN_STRICT_PROTOTYPES = YES;
				CLANG_WARN_SUSPICIOUS_MOVE = YES;
				CLANG_WARN_UNGUARDED_AVAILABILITY = YES_AGGRESSIVE;
				CLANG_WARN_UNREACHABLE_CODE = YES;
				CLANG_WARN__DUPLICATE_METHOD_MATCH = YES;
				CODE_SIGN_IDENTITY = "iPhone Developer";
				COPY_PHASE_STRIP = NO;
				DEBUG_INFORMATION_FORMAT = dwarf;
				ENABLE_STRICT_OBJC_MSGSEND = YES;
				ENABLE_TESTABILITY = YES;
				GCC_C_LANGUAGE_STANDARD = gnu11;
				GCC_DYNAMIC_NO_PIC = NO;
				GCC_NO_COMMON_BLOCKS = YES;
				GCC_OPTIMIZATION_LEVEL = 0;
				GCC_PREPROCESSOR_DEFINITIONS = (
					"DEBUG=1",
					"$(inherited)",
				);
				GCC_WARN_64_TO_32_BIT_CONVERSION = YES;
				GCC_WARN_ABOUT_RETURN_TYPE = YES_ERROR;
				GCC_WARN_UNDECLARED_SELECTOR = YES;
				GCC_WARN_UNINITIALIZED_AUTOS = YES_AGGRESSIVE;
				GCC_WARN_UNUSED_FUNCTION = YES;
				GCC_WARN_UNUSED_VARIABLE = YES;
				IPHONEOS_DEPLOYMENT_TARGET = 12.1;
				MTL_ENABLE_DEBUG_INFO = INCLUDE_SOURCE;
				MTL_FAST_MATH = YES;
				ONLY_ACTIVE_ARCH = YES;
				SDKROOT = iphoneos;
				SWIFT_ACTIVE_COMPILATION_CONDITIONS = DEBUG;
				SWIFT_OPTIMIZATION_LEVEL = "-Onone";
			};
			name = Debug;
		};
		F3D0A36E2239613C00D1DEF6 /* Release */ = {
			isa = XCBuildConfiguration;
			buildSettings = {
				ALWAYS_SEARCH_USER_PATHS = NO;
				CLANG_ANALYZER_NONNULL = YES;
				CLANG_ANALYZER_NUMBER_OBJECT_CONVERSION = YES_AGGRESSIVE;
				CLANG_CXX_LANGUAGE_STANDARD = "gnu++14";
				CLANG_CXX_LIBRARY = "libc++";
				CLANG_ENABLE_MODULES = YES;
				CLANG_ENABLE_OBJC_ARC = YES;
				CLANG_ENABLE_OBJC_WEAK = YES;
				CLANG_WARN_BLOCK_CAPTURE_AUTORELEASING = YES;
				CLANG_WARN_BOOL_CONVERSION = YES;
				CLANG_WARN_COMMA = YES;
				CLANG_WARN_CONSTANT_CONVERSION = YES;
				CLANG_WARN_DEPRECATED_OBJC_IMPLEMENTATIONS = YES;
				CLANG_WARN_DIRECT_OBJC_ISA_USAGE = YES_ERROR;
				CLANG_WARN_DOCUMENTATION_COMMENTS = YES;
				CLANG_WARN_EMPTY_BODY = YES;
				CLANG_WARN_ENUM_CONVERSION = YES;
				CLANG_WARN_INFINITE_RECURSION = YES;
				CLANG_WARN_INT_CONVERSION = YES;
				CLANG_WARN_NON_LITERAL_NULL_CONVERSION = YES;
				CLANG_WARN_OBJC_IMPLICIT_RETAIN_SELF = YES;
				CLANG_WARN_OBJC_LITERAL_CONVERSION = YES;
				CLANG_WARN_OBJC_ROOT_CLASS = YES_ERROR;
				CLANG_WARN_RANGE_LOOP_ANALYSIS = YES;
				CLANG_WARN_STRICT_PROTOTYPES = YES;
				CLANG_WARN_SUSPICIOUS_MOVE = YES;
				CLANG_WARN_UNGUARDED_AVAILABILITY = YES_AGGRESSIVE;
				CLANG_WARN_UNREACHABLE_CODE = YES;
				CLANG_WARN__DUPLICATE_METHOD_MATCH = YES;
				CODE_SIGN_IDENTITY = "iPhone Developer";
				COPY_PHASE_STRIP = NO;
				DEBUG_INFORMATION_FORMAT = "dwarf-with-dsym";
				ENABLE_NS_ASSERTIONS = NO;
				ENABLE_STRICT_OBJC_MSGSEND = YES;
				GCC_C_LANGUAGE_STANDARD = gnu11;
				GCC_NO_COMMON_BLOCKS = YES;
				GCC_WARN_64_TO_32_BIT_CONVERSION = YES;
				GCC_WARN_ABOUT_RETURN_TYPE = YES_ERROR;
				GCC_WARN_UNDECLARED_SELECTOR = YES;
				GCC_WARN_UNINITIALIZED_AUTOS = YES_AGGRESSIVE;
				GCC_WARN_UNUSED_FUNCTION = YES;
				GCC_WARN_UNUSED_VARIABLE = YES;
				IPHONEOS_DEPLOYMENT_TARGET = 12.1;
				MTL_ENABLE_DEBUG_INFO = NO;
				MTL_FAST_MATH = YES;
				SDKROOT = iphoneos;
				SWIFT_COMPILATION_MODE = wholemodule;
				SWIFT_OPTIMIZATION_LEVEL = "-O";
				VALIDATE_PRODUCT = YES;
			};
			name = Release;
		};
		F3D0A3702239613C00D1DEF6 /* Debug */ = {
			isa = XCBuildConfiguration;
			buildSettings = {
				ASSETCATALOG_COMPILER_APPICON_NAME = AppIcon;
				CODE_SIGN_STYLE = Automatic;
				DEVELOPMENT_TEAM = BJP3N4QY3F;
				INFOPLIST_FILE = AccountingTogether/Info.plist;
				LD_RUNPATH_SEARCH_PATHS = (
					"$(inherited)",
					"@executable_path/Frameworks",
				);
				PRODUCT_BUNDLE_IDENTIFIER = Luca.AccountingTogether;
				PRODUCT_NAME = "$(TARGET_NAME)";
				SWIFT_VERSION = 4.2;
				TARGETED_DEVICE_FAMILY = "1,2";
			};
			name = Debug;
		};
		F3D0A3712239613C00D1DEF6 /* Release */ = {
			isa = XCBuildConfiguration;
			buildSettings = {
				ASSETCATALOG_COMPILER_APPICON_NAME = AppIcon;
				CODE_SIGN_STYLE = Automatic;
				DEVELOPMENT_TEAM = BJP3N4QY3F;
				INFOPLIST_FILE = AccountingTogether/Info.plist;
				LD_RUNPATH_SEARCH_PATHS = (
					"$(inherited)",
					"@executable_path/Frameworks",
				);
				PRODUCT_BUNDLE_IDENTIFIER = Luca.AccountingTogether;
				PRODUCT_NAME = "$(TARGET_NAME)";
				SWIFT_VERSION = 4.2;
				TARGETED_DEVICE_FAMILY = "1,2";
			};
			name = Release;
		};
		F3D0A3732239613C00D1DEF6 /* Debug */ = {
			isa = XCBuildConfiguration;
			buildSettings = {
				ALWAYS_EMBED_SWIFT_STANDARD_LIBRARIES = YES;
				BUNDLE_LOADER = "$(TEST_HOST)";
				CODE_SIGN_STYLE = Automatic;
				DEVELOPMENT_TEAM = BJP3N4QY3F;
				INFOPLIST_FILE = AccountingTogetherTests/Info.plist;
				LD_RUNPATH_SEARCH_PATHS = (
					"$(inherited)",
					"@executable_path/Frameworks",
					"@loader_path/Frameworks",
				);
				PRODUCT_BUNDLE_IDENTIFIER = LD.AccountingTogetherTests;
				PRODUCT_NAME = "$(TARGET_NAME)";
				SWIFT_VERSION = 4.2;
				TARGETED_DEVICE_FAMILY = "1,2";
				TEST_HOST = "$(BUILT_PRODUCTS_DIR)/AccountingTogether.app/AccountingTogether";
			};
			name = Debug;
		};
		F3D0A3742239613C00D1DEF6 /* Release */ = {
			isa = XCBuildConfiguration;
			buildSettings = {
				ALWAYS_EMBED_SWIFT_STANDARD_LIBRARIES = YES;
				BUNDLE_LOADER = "$(TEST_HOST)";
				CODE_SIGN_STYLE = Automatic;
				DEVELOPMENT_TEAM = BJP3N4QY3F;
				INFOPLIST_FILE = AccountingTogetherTests/Info.plist;
				LD_RUNPATH_SEARCH_PATHS = (
					"$(inherited)",
					"@executable_path/Frameworks",
					"@loader_path/Frameworks",
				);
				PRODUCT_BUNDLE_IDENTIFIER = LD.AccountingTogetherTests;
				PRODUCT_NAME = "$(TARGET_NAME)";
				SWIFT_VERSION = 4.2;
				TARGETED_DEVICE_FAMILY = "1,2";
				TEST_HOST = "$(BUILT_PRODUCTS_DIR)/AccountingTogether.app/AccountingTogether";
			};
			name = Release;
		};
		F3D0A3762239613C00D1DEF6 /* Debug */ = {
			isa = XCBuildConfiguration;
			buildSettings = {
				ALWAYS_EMBED_SWIFT_STANDARD_LIBRARIES = YES;
				CODE_SIGN_STYLE = Automatic;
				DEVELOPMENT_TEAM = BJP3N4QY3F;
				INFOPLIST_FILE = AccountingTogetherUITests/Info.plist;
				LD_RUNPATH_SEARCH_PATHS = (
					"$(inherited)",
					"@executable_path/Frameworks",
					"@loader_path/Frameworks",
				);
				PRODUCT_BUNDLE_IDENTIFIER = LD.AccountingTogetherUITests;
				PRODUCT_NAME = "$(TARGET_NAME)";
				SWIFT_VERSION = 4.2;
				TARGETED_DEVICE_FAMILY = "1,2";
				TEST_TARGET_NAME = AccountingTogether;
			};
			name = Debug;
		};
		F3D0A3772239613C00D1DEF6 /* Release */ = {
			isa = XCBuildConfiguration;
			buildSettings = {
				ALWAYS_EMBED_SWIFT_STANDARD_LIBRARIES = YES;
				CODE_SIGN_STYLE = Automatic;
				DEVELOPMENT_TEAM = BJP3N4QY3F;
				INFOPLIST_FILE = AccountingTogetherUITests/Info.plist;
				LD_RUNPATH_SEARCH_PATHS = (
					"$(inherited)",
					"@executable_path/Frameworks",
					"@loader_path/Frameworks",
				);
				PRODUCT_BUNDLE_IDENTIFIER = LD.AccountingTogetherUITests;
				PRODUCT_NAME = "$(TARGET_NAME)";
				SWIFT_VERSION = 4.2;
				TARGETED_DEVICE_FAMILY = "1,2";
				TEST_TARGET_NAME = AccountingTogether;
			};
			name = Release;
		};
/* End XCBuildConfiguration section */

/* Begin XCConfigurationList section */
		F3D0A33F2239613900D1DEF6 /* Build configuration list for PBXProject "AccountingTogether" */ = {
			isa = XCConfigurationList;
			buildConfigurations = (
				F3D0A36D2239613C00D1DEF6 /* Debug */,
				F3D0A36E2239613C00D1DEF6 /* Release */,
			);
			defaultConfigurationIsVisible = 0;
			defaultConfigurationName = Release;
		};
		F3D0A36F2239613C00D1DEF6 /* Build configuration list for PBXNativeTarget "AccountingTogether" */ = {
			isa = XCConfigurationList;
			buildConfigurations = (
				F3D0A3702239613C00D1DEF6 /* Debug */,
				F3D0A3712239613C00D1DEF6 /* Release */,
			);
			defaultConfigurationIsVisible = 0;
			defaultConfigurationName = Release;
		};
		F3D0A3722239613C00D1DEF6 /* Build configuration list for PBXNativeTarget "AccountingTogetherTests" */ = {
			isa = XCConfigurationList;
			buildConfigurations = (
				F3D0A3732239613C00D1DEF6 /* Debug */,
				F3D0A3742239613C00D1DEF6 /* Release */,
			);
			defaultConfigurationIsVisible = 0;
			defaultConfigurationName = Release;
		};
		F3D0A3752239613C00D1DEF6 /* Build configuration list for PBXNativeTarget "AccountingTogetherUITests" */ = {
			isa = XCConfigurationList;
			buildConfigurations = (
				F3D0A3762239613C00D1DEF6 /* Debug */,
				F3D0A3772239613C00D1DEF6 /* Release */,
			);
			defaultConfigurationIsVisible = 0;
			defaultConfigurationName = Release;
		};
/* End XCConfigurationList section */

/* Begin XCVersionGroup section */
		F3D0A34E2239613900D1DEF6 /* AccountingTogether.xcdatamodeld */ = {
			isa = XCVersionGroup;
			children = (
				F3D0A34F2239613900D1DEF6 /* AccountingTogether.xcdatamodel */,
			);
			currentVersion = F3D0A34F2239613900D1DEF6 /* AccountingTogether.xcdatamodel */;
			path = AccountingTogether.xcdatamodeld;
			sourceTree = "<group>";
			versionGroupType = wrapper.xcdatamodel;
		};
/* End XCVersionGroup section */
	};
	rootObject = F3D0A33C2239613900D1DEF6 /* Project object */;
}
